
Microsoft Visual Studio Solution File, Format Version 12.00
# Visual Studio Version 17
VisualStudioVersion = 17.8.34330.188
MinimumVisualStudioVersion = 10.0.40219.1
Project("{FAE04EC0-301F-11D3-BF4B-00C04F79EFBC}") = "BlockchainApp", "BlockchainApp\BlockchainApp.csproj", "{2D673999-C70A-4BDD-AA40-94D672C243C8}"
EndProject
Global
	GlobalSection(SolutionConfigurationPlatforms) = preSolution
		Debug|Any CPU = Debug|Any CPU
		Release|Any CPU = Release|Any CPU
	EndGlobalSection
	GlobalSection(ProjectConfigurationPlatforms) = postSolution
		{2D673999-C70A-4BDD-AA40-94D672C243C8}.Debug|Any CPU.ActiveCfg = Debug|Any CPU
		{2D673999-C70A-4BDD-AA40-94D672C243C8}.Debug|Any CPU.Build.0 = Debug|Any CPU
		{2D673999-C70A-4BDD-AA40-94D672C243C8}.Release|Any CPU.ActiveCfg = Release|Any CPU
		{2D673999-C70A-4BDD-AA40-94D672C243C8}.Release|Any CPU.Build.0 = Release|Any CPU
	EndGlobalSection
	GlobalSection(SolutionProperties) = preSolution
		HideSolutionNode = FALSE
	EndGlobalSection
	GlobalSection(ExtensibilityGlobals) = postSolution
		SolutionGuid = {98ACDA9D-034E-4BEA-83EF-43334E8ADEA0}
	EndGlobalSection
EndGlobal
